
Microsoft Visual Studio Solution File, Format Version 10.00
# Visual C++ Express 2008
Project("{8BC9CEB8-8B4A-11D0-8D11-00A0C91BC942}") = "эмулятор 09.12.2012", "эмулятор 09.12.2012\эмулятор 09.12.2012.vcproj", "{F97E7817-ACD4-4546-A02E-A6F03B0DF7C3}"
EndProject
Global
	GlobalSection(SolutionConfigurationPlatforms) = preSolution
		Debug|Win32 = Debug|Win32
		Release|Win32 = Release|Win32
	EndGlobalSection
	GlobalSection(ProjectConfigurationPlatforms) = postSolution
		{F97E7817-ACD4-4546-A02E-A6F03B0DF7C3}.Debug|Win32.ActiveCfg = Debug|Win32
		{F97E7817-ACD4-4546-A02E-A6F03B0DF7C3}.Debug|Win32.Build.0 = Debug|Win32
		{F97E7817-ACD4-4546-A02E-A6F03B0DF7C3}.Release|Win32.ActiveCfg = Release|Win32
		{F97E7817-ACD4-4546-A02E-A6F03B0DF7C3}.Release|Win32.Build.0 = Release|Win32
	EndGlobalSection
	GlobalSection(SolutionProperties) = preSolution
		HideSolutionNode = FALSE
	EndGlobalSection
EndGlobal
